
Microsoft Visual Studio Solution File, Format Version 11.00
# Visual C# Express 2010
Project("{FAE04EC0-301F-11D3-BF4B-00C04F79EFBC}") = "RunUO", "RunUO\RunUO.csproj", "{AD40A20D-B3C6-4D71-87F4-3ADF5F78C78C}"
EndProject
Global
	GlobalSection(SolutionConfigurationPlatforms) = preSolution
		Debug|x86 = Debug|x86
		Release|x86 = Release|x86
	EndGlobalSection
	GlobalSection(ProjectConfigurationPlatforms) = postSolution
		{AD40A20D-B3C6-4D71-87F4-3ADF5F78C78C}.Debug|x86.ActiveCfg = Debug|x86
		{AD40A20D-B3C6-4D71-87F4-3ADF5F78C78C}.Debug|x86.Build.0 = Debug|x86
		{AD40A20D-B3C6-4D71-87F4-3ADF5F78C78C}.Release|x86.ActiveCfg = Release|x86
		{AD40A20D-B3C6-4D71-87F4-3ADF5F78C78C}.Release|x86.Build.0 = Release|x86
	EndGlobalSection
	GlobalSection(SolutionProperties) = preSolution
		HideSolutionNode = FALSE
	EndGlobalSection
EndGlobal
